// !$*UTF8*$!
{
	archiveVersion = 1;
	classes = {
	};
	objectVersion = 50;
	objects = {

/* Begin PBXBuildFile section */
		4647365521BE80700070822A /* AppDelegate.swift in Sources */ = {isa = PBXBuildFile; fileRef = 4647365421BE80700070822A /* AppDelegate.swift */; };
		4647365721BE80700070822A /* ViewController.swift in Sources */ = {isa = PBXBuildFile; fileRef = 4647365621BE80700070822A /* ViewController.swift */; };
		4647365A21BE80700070822A /* Main.storyboard in Resources */ = {isa = PBXBuildFile; fileRef = 4647365821BE80700070822A /* Main.storyboard */; };
		4647365C21BE80710070822A /* Assets.xcassets in Resources */ = {isa = PBXBuildFile; fileRef = 4647365B21BE80710070822A /* Assets.xcassets */; };
		4647365F21BE80710070822A /* LaunchScreen.storyboard in Resources */ = {isa = PBXBuildFile; fileRef = 4647365D21BE80710070822A /* LaunchScreen.storyboard */; };
		46EDAD3D21BEA8DD000BBB84 /* StringExtensionsTests.swift in Sources */ = {isa = PBXBuildFile; fileRef = 46EDAD3C21BEA8DD000BBB84 /* StringExtensionsTests.swift */; };
		46EDAD4521BEAA71000BBB84 /* IntExtensionsTests.swift in Sources */ = {isa = PBXBuildFile; fileRef = 46EDAD4421BEAA71000BBB84 /* IntExtensionsTests.swift */; };
		46EDAD4B21BEB055000BBB84 /* UITextFieldExtensionsTests.swift in Sources */ = {isa = PBXBuildFile; fileRef = 46EDAD4A21BEB055000BBB84 /* UITextFieldExtensionsTests.swift */; };
		46EDAD4F21BEB1AF000BBB84 /* BoolExtensionsTests.swift in Sources */ = {isa = PBXBuildFile; fileRef = 46EDAD4E21BEB1AF000BBB84 /* BoolExtensionsTests.swift */; };
		9A6D7242E40A86AA58E5E0A3 /* Pods_SCICoreToolsExample.framework in Frameworks */ = {isa = PBXBuildFile; fileRef = 75B7CE588E924A27BB5EF333 /* Pods_SCICoreToolsExample.framework */; };
		EC67AC6B055390A441F35174 /* Pods_SCICoreToolsExampleTests.framework in Frameworks */ = {isa = PBXBuildFile; fileRef = 4BE3C68D34881DCD58A8B525 /* Pods_SCICoreToolsExampleTests.framework */; };
/* End PBXBuildFile section */

/* Begin PBXContainerItemProxy section */
		46EDAD3F21BEA8DD000BBB84 /* PBXContainerItemProxy */ = {
			isa = PBXContainerItemProxy;
			containerPortal = 4647364921BE806F0070822A /* Project object */;
			proxyType = 1;
			remoteGlobalIDString = 4647365021BE80700070822A;
			remoteInfo = SCICoreToolsExample;
		};
/* End PBXContainerItemProxy section */

/* Begin PBXFileReference section */
		4647365121BE80700070822A /* SCICoreToolsExample.app */ = {isa = PBXFileReference; explicitFileType = wrapper.application; includeInIndex = 0; path = SCICoreToolsExample.app; sourceTree = BUILT_PRODUCTS_DIR; };
		4647365421BE80700070822A /* AppDelegate.swift */ = {isa = PBXFileReference; lastKnownFileType = sourcecode.swift; path = AppDelegate.swift; sourceTree = "<group>"; };
		4647365621BE80700070822A /* ViewController.swift */ = {isa = PBXFileReference; lastKnownFileType = sourcecode.swift; path = ViewController.swift; sourceTree = "<group>"; };
		4647365921BE80700070822A /* Base */ = {isa = PBXFileReference; lastKnownFileType = file.storyboard; name = Base; path = Base.lproj/Main.storyboard; sourceTree = "<group>"; };
		4647365B21BE80710070822A /* Assets.xcassets */ = {isa = PBXFileReference; lastKnownFileType = folder.assetcatalog; path = Assets.xcassets; sourceTree = "<group>"; };
		4647365E21BE80710070822A /* Base */ = {isa = PBXFileReference; lastKnownFileType = file.storyboard; name = Base; path = Base.lproj/LaunchScreen.storyboard; sourceTree = "<group>"; };
		4647366021BE80710070822A /* Info.plist */ = {isa = PBXFileReference; lastKnownFileType = text.plist.xml; path = Info.plist; sourceTree = "<group>"; };
		46EDAD3A21BEA8DD000BBB84 /* SCICoreToolsExampleTests.xctest */ = {isa = PBXFileReference; explicitFileType = wrapper.cfbundle; includeInIndex = 0; path = SCICoreToolsExampleTests.xctest; sourceTree = BUILT_PRODUCTS_DIR; };
		46EDAD3C21BEA8DD000BBB84 /* StringExtensionsTests.swift */ = {isa = PBXFileReference; lastKnownFileType = sourcecode.swift; path = StringExtensionsTests.swift; sourceTree = "<group>"; };
		46EDAD3E21BEA8DD000BBB84 /* Info.plist */ = {isa = PBXFileReference; lastKnownFileType = text.plist.xml; path = Info.plist; sourceTree = "<group>"; };
		46EDAD4421BEAA71000BBB84 /* IntExtensionsTests.swift */ = {isa = PBXFileReference; lastKnownFileType = sourcecode.swift; path = IntExtensionsTests.swift; sourceTree = "<group>"; };
		46EDAD4A21BEB055000BBB84 /* UITextFieldExtensionsTests.swift */ = {isa = PBXFileReference; lastKnownFileType = sourcecode.swift; path = UITextFieldExtensionsTests.swift; sourceTree = "<group>"; };
		46EDAD4E21BEB1AF000BBB84 /* BoolExtensionsTests.swift */ = {isa = PBXFileReference; lastKnownFileType = sourcecode.swift; path = BoolExtensionsTests.swift; sourceTree = "<group>"; };
		47C33E611A92CE4BC9911FCB /* Pods-SCICoreToolsExample.debug.xcconfig */ = {isa = PBXFileReference; includeInIndex = 1; lastKnownFileType = text.xcconfig; name = "Pods-SCICoreToolsExample.debug.xcconfig"; path = "Pods/Target Support Files/Pods-SCICoreToolsExample/Pods-SCICoreToolsExample.debug.xcconfig"; sourceTree = "<group>"; };
		4BE3C68D34881DCD58A8B525 /* Pods_SCICoreToolsExampleTests.framework */ = {isa = PBXFileReference; explicitFileType = wrapper.framework; includeInIndex = 0; path = Pods_SCICoreToolsExampleTests.framework; sourceTree = BUILT_PRODUCTS_DIR; };
		6BA73661C6C4950A2FFDF8AF /* Pods-SCICoreToolsExampleTests.debug.xcconfig */ = {isa = PBXFileReference; includeInIndex = 1; lastKnownFileType = text.xcconfig; name = "Pods-SCICoreToolsExampleTests.debug.xcconfig"; path = "Pods/Target Support Files/Pods-SCICoreToolsExampleTests/Pods-SCICoreToolsExampleTests.debug.xcconfig"; sourceTree = "<group>"; };
		75B7CE588E924A27BB5EF333 /* Pods_SCICoreToolsExample.framework */ = {isa = PBXFileReference; explicitFileType = wrapper.framework; includeInIndex = 0; path = Pods_SCICoreToolsExample.framework; sourceTree = BUILT_PRODUCTS_DIR; };
		8F37D0091ED405564FDDD9FD /* Pods-SCICoreToolsExampleTests.release.xcconfig */ = {isa = PBXFileReference; includeInIndex = 1; lastKnownFileType = text.xcconfig; name = "Pods-SCICoreToolsExampleTests.release.xcconfig"; path = "Pods/Target Support Files/Pods-SCICoreToolsExampleTests/Pods-SCICoreToolsExampleTests.release.xcconfig"; sourceTree = "<group>"; };
		8F49FF3444E052E0FBA89A27 /* Pods-SCICoreToolsExample.release.xcconfig */ = {isa = PBXFileReference; includeInIndex = 1; lastKnownFileType = text.xcconfig; name = "Pods-SCICoreToolsExample.release.xcconfig"; path = "Pods/Target Support Files/Pods-SCICoreToolsExample/Pods-SCICoreToolsExample.release.xcconfig"; sourceTree = "<group>"; };
/* End PBXFileReference section */

/* Begin PBXFrameworksBuildPhase section */
		4647364E21BE80700070822A /* Frameworks */ = {
			isa = PBXFrameworksBuildPhase;
			buildActionMask = 2147483647;
			files = (
				9A6D7242E40A86AA58E5E0A3 /* Pods_SCICoreToolsExample.framework in Frameworks */,
			);
			runOnlyForDeploymentPostprocessing = 0;
		};
		46EDAD3721BEA8DD000BBB84 /* Frameworks */ = {
			isa = PBXFrameworksBuildPhase;
			buildActionMask = 2147483647;
			files = (
				EC67AC6B055390A441F35174 /* Pods_SCICoreToolsExampleTests.framework in Frameworks */,
			);
			runOnlyForDeploymentPostprocessing = 0;
		};
/* End PBXFrameworksBuildPhase section */

/* Begin PBXGroup section */
		092EF811440D8E979E8BC1E5 /* Pods */ = {
			isa = PBXGroup;
			children = (
				47C33E611A92CE4BC9911FCB /* Pods-SCICoreToolsExample.debug.xcconfig */,
				8F49FF3444E052E0FBA89A27 /* Pods-SCICoreToolsExample.release.xcconfig */,
				6BA73661C6C4950A2FFDF8AF /* Pods-SCICoreToolsExampleTests.debug.xcconfig */,
				8F37D0091ED405564FDDD9FD /* Pods-SCICoreToolsExampleTests.release.xcconfig */,
			);
			name = Pods;
			sourceTree = "<group>";
		};
		4647364821BE806F0070822A = {
			isa = PBXGroup;
			children = (
				4647365321BE80700070822A /* SCICoreToolsExample */,
				46EDAD3B21BEA8DD000BBB84 /* SCICoreToolsExampleTests */,
				4647365221BE80700070822A /* Products */,
				092EF811440D8E979E8BC1E5 /* Pods */,
				DF1E4B85584F9FD115485533 /* Frameworks */,
			);
			sourceTree = "<group>";
		};
		4647365221BE80700070822A /* Products */ = {
			isa = PBXGroup;
			children = (
				4647365121BE80700070822A /* SCICoreToolsExample.app */,
				46EDAD3A21BEA8DD000BBB84 /* SCICoreToolsExampleTests.xctest */,
			);
			name = Products;
			sourceTree = "<group>";
		};
		4647365321BE80700070822A /* SCICoreToolsExample */ = {
			isa = PBXGroup;
			children = (
				4647365421BE80700070822A /* AppDelegate.swift */,
				4647365621BE80700070822A /* ViewController.swift */,
				4647365821BE80700070822A /* Main.storyboard */,
				4647365B21BE80710070822A /* Assets.xcassets */,
				4647365D21BE80710070822A /* LaunchScreen.storyboard */,
				4647366021BE80710070822A /* Info.plist */,
			);
			path = SCICoreToolsExample;
			sourceTree = "<group>";
		};
		46EDAD3B21BEA8DD000BBB84 /* SCICoreToolsExampleTests */ = {
			isa = PBXGroup;
			children = (
				46EDAD3C21BEA8DD000BBB84 /* StringExtensionsTests.swift */,
				46EDAD3E21BEA8DD000BBB84 /* Info.plist */,
				46EDAD4421BEAA71000BBB84 /* IntExtensionsTests.swift */,
				46EDAD4A21BEB055000BBB84 /* UITextFieldExtensionsTests.swift */,
				46EDAD4E21BEB1AF000BBB84 /* BoolExtensionsTests.swift */,
			);
			path = SCICoreToolsExampleTests;
			sourceTree = "<group>";
		};
		DF1E4B85584F9FD115485533 /* Frameworks */ = {
			isa = PBXGroup;
			children = (
				75B7CE588E924A27BB5EF333 /* Pods_SCICoreToolsExample.framework */,
				4BE3C68D34881DCD58A8B525 /* Pods_SCICoreToolsExampleTests.framework */,
			);
			name = Frameworks;
			sourceTree = "<group>";
		};
/* End PBXGroup section */

/* Begin PBXNativeTarget section */
		4647365021BE80700070822A /* SCICoreToolsExample */ = {
			isa = PBXNativeTarget;
			buildConfigurationList = 4647366321BE80710070822A /* Build configuration list for PBXNativeTarget "SCICoreToolsExample" */;
			buildPhases = (
				A164C6E5357A31A64D30EAC6 /* [CP] Check Pods Manifest.lock */,
				4647364D21BE80700070822A /* Sources */,
				4647364E21BE80700070822A /* Frameworks */,
				4647364F21BE80700070822A /* Resources */,
				90650FA416E93599AA643069 /* [CP] Embed Pods Frameworks */,
			);
			buildRules = (
			);
			dependencies = (
			);
			name = SCICoreToolsExample;
			productName = SCICoreToolsExample;
			productReference = 4647365121BE80700070822A /* SCICoreToolsExample.app */;
			productType = "com.apple.product-type.application";
		};
		46EDAD3921BEA8DD000BBB84 /* SCICoreToolsExampleTests */ = {
			isa = PBXNativeTarget;
			buildConfigurationList = 46EDAD4321BEA8DD000BBB84 /* Build configuration list for PBXNativeTarget "SCICoreToolsExampleTests" */;
			buildPhases = (
				77864F821A5C394496244310 /* [CP] Check Pods Manifest.lock */,
				46EDAD3621BEA8DD000BBB84 /* Sources */,
				46EDAD3721BEA8DD000BBB84 /* Frameworks */,
				46EDAD3821BEA8DD000BBB84 /* Resources */,
			);
			buildRules = (
			);
			dependencies = (
				46EDAD4021BEA8DD000BBB84 /* PBXTargetDependency */,
			);
			name = SCICoreToolsExampleTests;
			productName = SCICoreToolsExampleTests;
			productReference = 46EDAD3A21BEA8DD000BBB84 /* SCICoreToolsExampleTests.xctest */;
			productType = "com.apple.product-type.bundle.unit-test";
		};
/* End PBXNativeTarget section */

/* Begin PBXProject section */
		4647364921BE806F0070822A /* Project object */ = {
			isa = PBXProject;
			attributes = {
				LastSwiftUpdateCheck = 1010;
				LastUpgradeCheck = 1010;
				ORGANIZATIONNAME = "scireum GmbH";
				TargetAttributes = {
					4647365021BE80700070822A = {
						CreatedOnToolsVersion = 10.1;
					};
					46EDAD3921BEA8DD000BBB84 = {
						CreatedOnToolsVersion = 10.1;
						TestTargetID = 4647365021BE80700070822A;
					};
				};
			};
			buildConfigurationList = 4647364C21BE806F0070822A /* Build configuration list for PBXProject "SCICoreToolsExample" */;
			compatibilityVersion = "Xcode 9.3";
			developmentRegion = en;
			hasScannedForEncodings = 0;
			knownRegions = (
				en,
				Base,
			);
			mainGroup = 4647364821BE806F0070822A;
			productRefGroup = 4647365221BE80700070822A /* Products */;
			projectDirPath = "";
			projectRoot = "";
			targets = (
				4647365021BE80700070822A /* SCICoreToolsExample */,
				46EDAD3921BEA8DD000BBB84 /* SCICoreToolsExampleTests */,
			);
		};
/* End PBXProject section */

/* Begin PBXResourcesBuildPhase section */
		4647364F21BE80700070822A /* Resources */ = {
			isa = PBXResourcesBuildPhase;
			buildActionMask = 2147483647;
			files = (
				4647365F21BE80710070822A /* LaunchScreen.storyboard in Resources */,
				4647365C21BE80710070822A /* Assets.xcassets in Resources */,
				4647365A21BE80700070822A /* Main.storyboard in Resources */,
			);
			runOnlyForDeploymentPostprocessing = 0;
		};
		46EDAD3821BEA8DD000BBB84 /* Resources */ = {
			isa = PBXResourcesBuildPhase;
			buildActionMask = 2147483647;
			files = (
			);
			runOnlyForDeploymentPostprocessing = 0;
		};
/* End PBXResourcesBuildPhase section */

/* Begin PBXShellScriptBuildPhase section */
		77864F821A5C394496244310 /* [CP] Check Pods Manifest.lock */ = {
			isa = PBXShellScriptBuildPhase;
			buildActionMask = 2147483647;
			files = (
			);
			inputFileListPaths = (
			);
			inputPaths = (
				"${PODS_PODFILE_DIR_PATH}/Podfile.lock",
				"${PODS_ROOT}/Manifest.lock",
			);
			name = "[CP] Check Pods Manifest.lock";
			outputFileListPaths = (
			);
			outputPaths = (
				"$(DERIVED_FILE_DIR)/Pods-SCICoreToolsExampleTests-checkManifestLockResult.txt",
			);
			runOnlyForDeploymentPostprocessing = 0;
			shellPath = /bin/sh;
			shellScript = "diff \"${PODS_PODFILE_DIR_PATH}/Podfile.lock\" \"${PODS_ROOT}/Manifest.lock\" > /dev/null\nif [ $? != 0 ] ; then\n    # print error to STDERR\n    echo \"error: The sandbox is not in sync with the Podfile.lock. Run 'pod install' or update your CocoaPods installation.\" >&2\n    exit 1\nfi\n# This output is used by Xcode 'outputs' to avoid re-running this script phase.\necho \"SUCCESS\" > \"${SCRIPT_OUTPUT_FILE_0}\"\n";
			showEnvVarsInLog = 0;
		};
		90650FA416E93599AA643069 /* [CP] Embed Pods Frameworks */ = {
			isa = PBXShellScriptBuildPhase;
			buildActionMask = 2147483647;
			files = (
			);
			inputFileListPaths = (
			);
			inputPaths = (
				"${SRCROOT}/Pods/Target Support Files/Pods-SCICoreToolsExample/Pods-SCICoreToolsExample-frameworks.sh",
				"${BUILT_PRODUCTS_DIR}/SCICoreTools/SCICoreTools.framework",
			);
			name = "[CP] Embed Pods Frameworks";
			outputFileListPaths = (
			);
			outputPaths = (
				"${TARGET_BUILD_DIR}/${FRAMEWORKS_FOLDER_PATH}/SCICoreTools.framework",
			);
			runOnlyForDeploymentPostprocessing = 0;
			shellPath = /bin/sh;
			shellScript = "\"${SRCROOT}/Pods/Target Support Files/Pods-SCICoreToolsExample/Pods-SCICoreToolsExample-frameworks.sh\"\n";
			showEnvVarsInLog = 0;
		};
		A164C6E5357A31A64D30EAC6 /* [CP] Check Pods Manifest.lock */ = {
			isa = PBXShellScriptBuildPhase;
			buildActionMask = 2147483647;
			files = (
			);
			inputFileListPaths = (
			);
			inputPaths = (
				"${PODS_PODFILE_DIR_PATH}/Podfile.lock",
				"${PODS_ROOT}/Manifest.lock",
			);
			name = "[CP] Check Pods Manifest.lock";
			outputFileListPaths = (
			);
			outputPaths = (
				"$(DERIVED_FILE_DIR)/Pods-SCICoreToolsExample-checkManifestLockResult.txt",
			);
			runOnlyForDeploymentPostprocessing = 0;
			shellPath = /bin/sh;
			shellScript = "diff \"${PODS_PODFILE_DIR_PATH}/Podfile.lock\" \"${PODS_ROOT}/Manifest.lock\" > /dev/null\nif [ $? != 0 ] ; then\n    # print error to STDERR\n    echo \"error: The sandbox is not in sync with the Podfile.lock. Run 'pod install' or update your CocoaPods installation.\" >&2\n    exit 1\nfi\n# This output is used by Xcode 'outputs' to avoid re-running this script phase.\necho \"SUCCESS\" > \"${SCRIPT_OUTPUT_FILE_0}\"\n";
			showEnvVarsInLog = 0;
		};
/* End PBXShellScriptBuildPhase section */

/* Begin PBXSourcesBuildPhase section */
		4647364D21BE80700070822A /* Sources */ = {
			isa = PBXSourcesBuildPhase;
			buildActionMask = 2147483647;
			files = (
				4647365721BE80700070822A /* ViewController.swift in Sources */,
				4647365521BE80700070822A /* AppDelegate.swift in Sources */,
			);
			runOnlyForDeploymentPostprocessing = 0;
		};
		46EDAD3621BEA8DD000BBB84 /* Sources */ = {
			isa = PBXSourcesBuildPhase;
			buildActionMask = 2147483647;
			files = (
				46EDAD3D21BEA8DD000BBB84 /* StringExtensionsTests.swift in Sources */,
				46EDAD4B21BEB055000BBB84 /* UITextFieldExtensionsTests.swift in Sources */,
				46EDAD4521BEAA71000BBB84 /* IntExtensionsTests.swift in Sources */,
				46EDAD4F21BEB1AF000BBB84 /* BoolExtensionsTests.swift in Sources */,
			);
			runOnlyForDeploymentPostprocessing = 0;
		};
/* End PBXSourcesBuildPhase section */

/* Begin PBXTargetDependency section */
		46EDAD4021BEA8DD000BBB84 /* PBXTargetDependency */ = {
			isa = PBXTargetDependency;
			target = 4647365021BE80700070822A /* SCICoreToolsExample */;
			targetProxy = 46EDAD3F21BEA8DD000BBB84 /* PBXContainerItemProxy */;
		};
/* End PBXTargetDependency section */

/* Begin PBXVariantGroup section */
		4647365821BE80700070822A /* Main.storyboard */ = {
			isa = PBXVariantGroup;
			children = (
				4647365921BE80700070822A /* Base */,
			);
			name = Main.storyboard;
			sourceTree = "<group>";
		};
		4647365D21BE80710070822A /* LaunchScreen.storyboard */ = {
			isa = PBXVariantGroup;
			children = (
				4647365E21BE80710070822A /* Base */,
			);
			name = LaunchScreen.storyboard;
			sourceTree = "<group>";
		};
/* End PBXVariantGroup section */

/* Begin XCBuildConfiguration section */
		4647366121BE80710070822A /* Debug */ = {
			isa = XCBuildConfiguration;
			buildSettings = {
				ALWAYS_SEARCH_USER_PATHS = NO;
				CLANG_ANALYZER_NONNULL = YES;
				CLANG_ANALYZER_NUMBER_OBJECT_CONVERSION = YES_AGGRESSIVE;
				CLANG_CXX_LANGUAGE_STANDARD = "gnu++14";
				CLANG_CXX_LIBRARY = "libc++";
				CLANG_ENABLE_MODULES = YES;
				CLANG_ENABLE_OBJC_ARC = YES;
				CLANG_ENABLE_OBJC_WEAK = YES;
				CLANG_WARN_BLOCK_CAPTURE_AUTORELEASING = YES;
				CLANG_WARN_BOOL_CONVERSION = YES;
				CLANG_WARN_COMMA = YES;
				CLANG_WARN_CONSTANT_CONVERSION = YES;
				CLANG_WARN_DEPRECATED_OBJC_IMPLEMENTATIONS = YES;
				CLANG_WARN_DIRECT_OBJC_ISA_USAGE = YES_ERROR;
				CLANG_WARN_DOCUMENTATION_COMMENTS = YES;
				CLANG_WARN_EMPTY_BODY = YES;
				CLANG_WARN_ENUM_CONVERSION = YES;
				CLANG_WARN_INFINITE_RECURSION = YES;
				CLANG_WARN_INT_CONVERSION = YES;
				CLANG_WARN_NON_LITERAL_NULL_CONVERSION = YES;
				CLANG_WARN_OBJC_IMPLICIT_RETAIN_SELF = YES;
				CLANG_WARN_OBJC_LITERAL_CONVERSION = YES;
				CLANG_WARN_OBJC_ROOT_CLASS = YES_ERROR;
				CLANG_WARN_RANGE_LOOP_ANALYSIS = YES;
				CLANG_WARN_STRICT_PROTOTYPES = YES;
				CLANG_WARN_SUSPICIOUS_MOVE = YES;
				CLANG_WARN_UNGUARDED_AVAILABILITY = YES_AGGRESSIVE;
				CLANG_WARN_UNREACHABLE_CODE = YES;
				CLANG_WARN__DUPLICATE_METHOD_MATCH = YES;
				CODE_SIGN_IDENTITY = "iPhone Developer";
				COPY_PHASE_STRIP = NO;
				DEBUG_INFORMATION_FORMAT = dwarf;
				ENABLE_STRICT_OBJC_MSGSEND = YES;
				ENABLE_TESTABILITY = YES;
				GCC_C_LANGUAGE_STANDARD = gnu11;
				GCC_DYNAMIC_NO_PIC = NO;
				GCC_NO_COMMON_BLOCKS = YES;
				GCC_OPTIMIZATION_LEVEL = 0;
				GCC_PREPROCESSOR_DEFINITIONS = (
					"DEBUG=1",
					"$(inherited)",
				);
				GCC_WARN_64_TO_32_BIT_CONVERSION = YES;
				GCC_WARN_ABOUT_RETURN_TYPE = YES_ERROR;
				GCC_WARN_UNDECLARED_SELECTOR = YES;
				GCC_WARN_UNINITIALIZED_AUTOS = YES_AGGRESSIVE;
				GCC_WARN_UNUSED_FUNCTION = YES;
				GCC_WARN_UNUSED_VARIABLE = YES;
				IPHONEOS_DEPLOYMENT_TARGET = 10.0;
				MTL_ENABLE_DEBUG_INFO = INCLUDE_SOURCE;
				MTL_FAST_MATH = YES;
				ONLY_ACTIVE_ARCH = YES;
				SDKROOT = iphoneos;
				SWIFT_ACTIVE_COMPILATION_CONDITIONS = DEBUG;
				SWIFT_OPTIMIZATION_LEVEL = "-Onone";
			};
			name = Debug;
		};
		4647366221BE80710070822A /* Release */ = {
			isa = XCBuildConfiguration;
			buildSettings = {
				ALWAYS_SEARCH_USER_PATHS = NO;
				CLANG_ANALYZER_NONNULL = YES;
				CLANG_ANALYZER_NUMBER_OBJECT_CONVERSION = YES_AGGRESSIVE;
				CLANG_CXX_LANGUAGE_STANDARD = "gnu++14";
				CLANG_CXX_LIBRARY = "libc++";
				CLANG_ENABLE_MODULES = YES;
				CLANG_ENABLE_OBJC_ARC = YES;
				CLANG_ENABLE_OBJC_WEAK = YES;
				CLANG_WARN_BLOCK_CAPTURE_AUTORELEASING = YES;
				CLANG_WARN_BOOL_CONVERSION = YES;
				CLANG_WARN_COMMA = YES;
				CLANG_WARN_CONSTANT_CONVERSION = YES;
				CLANG_WARN_DEPRECATED_OBJC_IMPLEMENTATIONS = YES;
				CLANG_WARN_DIRECT_OBJC_ISA_USAGE = YES_ERROR;
				CLANG_WARN_DOCUMENTATION_COMMENTS = YES;
				CLANG_WARN_EMPTY_BODY = YES;
				CLANG_WARN_ENUM_CONVERSION = YES;
				CLANG_WARN_INFINITE_RECURSION = YES;
				CLANG_WARN_INT_CONVERSION = YES;
				CLANG_WARN_NON_LITERAL_NULL_CONVERSION = YES;
				CLANG_WARN_OBJC_IMPLICIT_RETAIN_SELF = YES;
				CLANG_WARN_OBJC_LITERAL_CONVERSION = YES;
				CLANG_WARN_OBJC_ROOT_CLASS = YES_ERROR;
				CLANG_WARN_RANGE_LOOP_ANALYSIS = YES;
				CLANG_WARN_STRICT_PROTOTYPES = YES;
				CLANG_WARN_SUSPICIOUS_MOVE = YES;
				CLANG_WARN_UNGUARDED_AVAILABILITY = YES_AGGRESSIVE;
				CLANG_WARN_UNREACHABLE_CODE = YES;
				CLANG_WARN__DUPLICATE_METHOD_MATCH = YES;
				CODE_SIGN_IDENTITY = "iPhone Developer";
				COPY_PHASE_STRIP = NO;
				DEBUG_INFORMATION_FORMAT = "dwarf-with-dsym";
				ENABLE_NS_ASSERTIONS = NO;
				ENABLE_STRICT_OBJC_MSGSEND = YES;
				GCC_C_LANGUAGE_STANDARD = gnu11;
				GCC_NO_COMMON_BLOCKS = YES;
				GCC_WARN_64_TO_32_BIT_CONVERSION = YES;
				GCC_WARN_ABOUT_RETURN_TYPE = YES_ERROR;
				GCC_WARN_UNDECLARED_SELECTOR = YES;
				GCC_WARN_UNINITIALIZED_AUTOS = YES_AGGRESSIVE;
				GCC_WARN_UNUSED_FUNCTION = YES;
				GCC_WARN_UNUSED_VARIABLE = YES;
				IPHONEOS_DEPLOYMENT_TARGET = 10.0;
				MTL_ENABLE_DEBUG_INFO = NO;
				MTL_FAST_MATH = YES;
				SDKROOT = iphoneos;
				SWIFT_COMPILATION_MODE = wholemodule;
				SWIFT_OPTIMIZATION_LEVEL = "-O";
				VALIDATE_PRODUCT = YES;
			};
			name = Release;
		};
		4647366421BE80710070822A /* Debug */ = {
			isa = XCBuildConfiguration;
			baseConfigurationReference = 47C33E611A92CE4BC9911FCB /* Pods-SCICoreToolsExample.debug.xcconfig */;
			buildSettings = {
				ASSETCATALOG_COMPILER_APPICON_NAME = AppIcon;
				CODE_SIGN_STYLE = Automatic;
				DEVELOPMENT_TEAM = 7M8V8XD8EL;
				INFOPLIST_FILE = SCICoreToolsExample/Info.plist;
				LD_RUNPATH_SEARCH_PATHS = (
					"$(inherited)",
					"@executable_path/Frameworks",
				);
				PRODUCT_BUNDLE_IDENTIFIER = de.scireum.SCICoreToolsExample;
				PRODUCT_NAME = "$(TARGET_NAME)";
				SWIFT_VERSION = 4.2;
				TARGETED_DEVICE_FAMILY = "1,2";
			};
			name = Debug;
		};
		4647366521BE80710070822A /* Release */ = {
			isa = XCBuildConfiguration;
			baseConfigurationReference = 8F49FF3444E052E0FBA89A27 /* Pods-SCICoreToolsExample.release.xcconfig */;
			buildSettings = {
				ASSETCATALOG_COMPILER_APPICON_NAME = AppIcon;
				CODE_SIGN_STYLE = Automatic;
				DEVELOPMENT_TEAM = 7M8V8XD8EL;
				INFOPLIST_FILE = SCICoreToolsExample/Info.plist;
				LD_RUNPATH_SEARCH_PATHS = (
					"$(inherited)",
					"@executable_path/Frameworks",
				);
				PRODUCT_BUNDLE_IDENTIFIER = de.scireum.SCICoreToolsExample;
				PRODUCT_NAME = "$(TARGET_NAME)";
				SWIFT_VERSION = 4.2;
				TARGETED_DEVICE_FAMILY = "1,2";
			};
			name = Release;
		};
		46EDAD4121BEA8DD000BBB84 /* Debug */ = {
			isa = XCBuildConfiguration;
			baseConfigurationReference = 6BA73661C6C4950A2FFDF8AF /* Pods-SCICoreToolsExampleTests.debug.xcconfig */;
			buildSettings = {
				BUNDLE_LOADER = "$(TEST_HOST)";
				CODE_SIGN_STYLE = Automatic;
				DEVELOPMENT_TEAM = 7M8V8XD8EL;
				INFOPLIST_FILE = SCICoreToolsExampleTests/Info.plist;
				LD_RUNPATH_SEARCH_PATHS = (
					"$(inherited)",
					"@executable_path/Frameworks",
					"@loader_path/Frameworks",
				);
				PRODUCT_BUNDLE_IDENTIFIER = de.scireum.SCICoreToolsExampleTests;
				PRODUCT_NAME = "$(TARGET_NAME)";
				SWIFT_VERSION = 4.2;
				TARGETED_DEVICE_FAMILY = "1,2";
				TEST_HOST = "$(BUILT_PRODUCTS_DIR)/SCICoreToolsExample.app/SCICoreToolsExample";
			};
			name = Debug;
		};
		46EDAD4221BEA8DD000BBB84 /* Release */ = {
			isa = XCBuildConfiguration;
			baseConfigurationReference = 8F37D0091ED405564FDDD9FD /* Pods-SCICoreToolsExampleTests.release.xcconfig */;
			buildSettings = {
				BUNDLE_LOADER = "$(TEST_HOST)";
				CODE_SIGN_STYLE = Automatic;
				DEVELOPMENT_TEAM = 7M8V8XD8EL;
				INFOPLIST_FILE = SCICoreToolsExampleTests/Info.plist;
				LD_RUNPATH_SEARCH_PATHS = (
					"$(inherited)",
					"@executable_path/Frameworks",
					"@loader_path/Frameworks",
				);
				PRODUCT_BUNDLE_IDENTIFIER = de.scireum.SCICoreToolsExampleTests;
				PRODUCT_NAME = "$(TARGET_NAME)";
				SWIFT_VERSION = 4.2;
				TARGETED_DEVICE_FAMILY = "1,2";
				TEST_HOST = "$(BUILT_PRODUCTS_DIR)/SCICoreToolsExample.app/SCICoreToolsExample";
			};
			name = Release;
		};
/* End XCBuildConfiguration section */

/* Begin XCConfigurationList section */
		4647364C21BE806F0070822A /* Build configuration list for PBXProject "SCICoreToolsExample" */ = {
			isa = XCConfigurationList;
			buildConfigurations = (
				4647366121BE80710070822A /* Debug */,
				4647366221BE80710070822A /* Release */,
			);
			defaultConfigurationIsVisible = 0;
			defaultConfigurationName = Release;
		};
		4647366321BE80710070822A /* Build configuration list for PBXNativeTarget "SCICoreToolsExample" */ = {
			isa = XCConfigurationList;
			buildConfigurations = (
				4647366421BE80710070822A /* Debug */,
				4647366521BE80710070822A /* Release */,
			);
			defaultConfigurationIsVisible = 0;
			defaultConfigurationName = Release;
		};
		46EDAD4321BEA8DD000BBB84 /* Build configuration list for PBXNativeTarget "SCICoreToolsExampleTests" */ = {
			isa = XCConfigurationList;
			buildConfigurations = (
				46EDAD4121BEA8DD000BBB84 /* Debug */,
				46EDAD4221BEA8DD000BBB84 /* Release */,
			);
			defaultConfigurationIsVisible = 0;
			defaultConfigurationName = Release;
		};
/* End XCConfigurationList section */
	};
	rootObject = 4647364921BE806F0070822A /* Project object */;
}
